// !$*UTF8*$!
{
	archiveVersion = 1;
	classes = {
	};
	objectVersion = 46;
	objects = {

/* Begin PBXBuildFile section */
		1E6DED3E1BE3321700C986F7 /* network.m in Sources */ = {isa = PBXBuildFile; fileRef = 1E6DED3D1BE3321700C986F7 /* network.m */; settings = {ASSET_TAGS = (); }; };
		1EED572F1BDFC4A300932B6E /* CHTCollectionViewWaterfallLayout.m in Sources */ = {isa = PBXBuildFile; fileRef = 1EED572E1BDFC4A300932B6E /* CHTCollectionViewWaterfallLayout.m */; settings = {ASSET_TAGS = (); }; };
		1EED57321BDFFF7300932B6E /* product.m in Sources */ = {isa = PBXBuildFile; fileRef = 1EED57311BDFFF7300932B6E /* product.m */; settings = {ASSET_TAGS = (); }; };
		1EF3DB991BDD5AB900714C5A /* main.m in Sources */ = {isa = PBXBuildFile; fileRef = 1EF3DB981BDD5AB900714C5A /* main.m */; };
		1EF3DB9C1BDD5AB900714C5A /* AppDelegate.m in Sources */ = {isa = PBXBuildFile; fileRef = 1EF3DB9B1BDD5AB900714C5A /* AppDelegate.m */; };
		1EF3DB9F1BDD5AB900714C5A /* ViewController.m in Sources */ = {isa = PBXBuildFile; fileRef = 1EF3DB9E1BDD5AB900714C5A /* ViewController.m */; };
		1EF3DBA21BDD5AB900714C5A /* Main.storyboard in Resources */ = {isa = PBXBuildFile; fileRef = 1EF3DBA01BDD5AB900714C5A /* Main.storyboard */; };
		1EF3DBA41BDD5AB900714C5A /* Assets.xcassets in Resources */ = {isa = PBXBuildFile; fileRef = 1EF3DBA31BDD5AB900714C5A /* Assets.xcassets */; };
		1EF3DBA71BDD5AB900714C5A /* LaunchScreen.storyboard in Resources */ = {isa = PBXBuildFile; fileRef = 1EF3DBA51BDD5AB900714C5A /* LaunchScreen.storyboard */; };
		1EF3DBB21BDD5AB900714C5A /* iOSTaskTests.m in Sources */ = {isa = PBXBuildFile; fileRef = 1EF3DBB11BDD5AB900714C5A /* iOSTaskTests.m */; };
		1EF3DBBD1BDD5AB900714C5A /* iOSTaskUITests.m in Sources */ = {isa = PBXBuildFile; fileRef = 1EF3DBBC1BDD5AB900714C5A /* iOSTaskUITests.m */; };
		1EF3DC0B1BDD702F00714C5A /* CollectionViewCell.m in Sources */ = {isa = PBXBuildFile; fileRef = 1EF3DC0A1BDD702F00714C5A /* CollectionViewCell.m */; settings = {ASSET_TAGS = (); }; };
		FDA5A749404C8FD7564488BC /* libPods-iOSTask.a in Frameworks */ = {isa = PBXBuildFile; fileRef = 20E53B6F961C56E23641F7C9 /* libPods-iOSTask.a */; };
/* End PBXBuildFile section */

/* Begin PBXContainerItemProxy section */
		1EF3DBAE1BDD5AB900714C5A /* PBXContainerItemProxy */ = {
			isa = PBXContainerItemProxy;
			containerPortal = 1EF3DB8C1BDD5AB800714C5A /* Project object */;
			proxyType = 1;
			remoteGlobalIDString = 1EF3DB931BDD5AB900714C5A;
			remoteInfo = iOSTask;
		};
		1EF3DBB91BDD5AB900714C5A /* PBXContainerItemProxy */ = {
			isa = PBXContainerItemProxy;
			containerPortal = 1EF3DB8C1BDD5AB800714C5A /* Project object */;
			proxyType = 1;
			remoteGlobalIDString = 1EF3DB931BDD5AB900714C5A;
			remoteInfo = iOSTask;
		};
/* End PBXContainerItemProxy section */

/* Begin PBXFileReference section */
		17818EF6A594F36C193402AB /* Pods-iOSTask.debug.xcconfig */ = {isa = PBXFileReference; includeInIndex = 1; lastKnownFileType = text.xcconfig; name = "Pods-iOSTask.debug.xcconfig"; path = "Pods/Target Support Files/Pods-iOSTask/Pods-iOSTask.debug.xcconfig"; sourceTree = "<group>"; };
		1E6DED3C1BE3321700C986F7 /* network.h */ = {isa = PBXFileReference; fileEncoding = 4; lastKnownFileType = sourcecode.c.h; path = network.h; sourceTree = "<group>"; };
		1E6DED3D1BE3321700C986F7 /* network.m */ = {isa = PBXFileReference; fileEncoding = 4; lastKnownFileType = sourcecode.c.objc; path = network.m; sourceTree = "<group>"; };
		1EED572D1BDFC4A300932B6E /* CHTCollectionViewWaterfallLayout.h */ = {isa = PBXFileReference; fileEncoding = 4; lastKnownFileType = sourcecode.c.h; path = CHTCollectionViewWaterfallLayout.h; sourceTree = "<group>"; };
		1EED572E1BDFC4A300932B6E /* CHTCollectionViewWaterfallLayout.m */ = {isa = PBXFileReference; fileEncoding = 4; lastKnownFileType = sourcecode.c.objc; path = CHTCollectionViewWaterfallLayout.m; sourceTree = "<group>"; };
		1EED57301BDFFF7300932B6E /* product.h */ = {isa = PBXFileReference; fileEncoding = 4; lastKnownFileType = sourcecode.c.h; path = product.h; sourceTree = "<group>"; };
		1EED57311BDFFF7300932B6E /* product.m */ = {isa = PBXFileReference; fileEncoding = 4; lastKnownFileType = sourcecode.c.objc; path = product.m; sourceTree = "<group>"; };
		1EF3DB941BDD5AB900714C5A /* iOSTask.app */ = {isa = PBXFileReference; explicitFileType = wrapper.application; includeInIndex = 0; path = iOSTask.app; sourceTree = BUILT_PRODUCTS_DIR; };
		1EF3DB981BDD5AB900714C5A /* main.m */ = {isa = PBXFileReference; lastKnownFileType = sourcecode.c.objc; path = main.m; sourceTree = "<group>"; };
		1EF3DB9A1BDD5AB900714C5A /* AppDelegate.h */ = {isa = PBXFileReference; lastKnownFileType = sourcecode.c.h; path = AppDelegate.h; sourceTree = "<group>"; };
		1EF3DB9B1BDD5AB900714C5A /* AppDelegate.m */ = {isa = PBXFileReference; lastKnownFileType = sourcecode.c.objc; path = AppDelegate.m; sourceTree = "<group>"; };
		1EF3DB9D1BDD5AB900714C5A /* ViewController.h */ = {isa = PBXFileReference; lastKnownFileType = sourcecode.c.h; path = ViewController.h; sourceTree = "<group>"; };
		1EF3DB9E1BDD5AB900714C5A /* ViewController.m */ = {isa = PBXFileReference; lastKnownFileType = sourcecode.c.objc; path = ViewController.m; sourceTree = "<group>"; };
		1EF3DBA11BDD5AB900714C5A /* Base */ = {isa = PBXFileReference; lastKnownFileType = file.storyboard; name = Base; path = Base.lproj/Main.storyboard; sourceTree = "<group>"; };
		1EF3DBA31BDD5AB900714C5A /* Assets.xcassets */ = {isa = PBXFileReference; lastKnownFileType = folder.assetcatalog; path = Assets.xcassets; sourceTree = "<group>"; };
		1EF3DBA61BDD5AB900714C5A /* Base */ = {isa = PBXFileReference; lastKnownFileType = file.storyboard; name = Base; path = Base.lproj/LaunchScreen.storyboard; sourceTree = "<group>"; };
		1EF3DBA81BDD5AB900714C5A /* Info.plist */ = {isa = PBXFileReference; lastKnownFileType = text.plist.xml; path = Info.plist; sourceTree = "<group>"; };
		1EF3DBAD1BDD5AB900714C5A /* iOSTaskTests.xctest */ = {isa = PBXFileReference; explicitFileType = wrapper.cfbundle; includeInIndex = 0; path = iOSTaskTests.xctest; sourceTree = BUILT_PRODUCTS_DIR; };
		1EF3DBB11BDD5AB900714C5A /* iOSTaskTests.m */ = {isa = PBXFileReference; lastKnownFileType = sourcecode.c.objc; path = iOSTaskTests.m; sourceTree = "<group>"; };
		1EF3DBB31BDD5AB900714C5A /* Info.plist */ = {isa = PBXFileReference; lastKnownFileType = text.plist.xml; path = Info.plist; sourceTree = "<group>"; };
		1EF3DBB81BDD5AB900714C5A /* iOSTaskUITests.xctest */ = {isa = PBXFileReference; explicitFileType = wrapper.cfbundle; includeInIndex = 0; path = iOSTaskUITests.xctest; sourceTree = BUILT_PRODUCTS_DIR; };
		1EF3DBBC1BDD5AB900714C5A /* iOSTaskUITests.m */ = {isa = PBXFileReference; lastKnownFileType = sourcecode.c.objc; path = iOSTaskUITests.m; sourceTree = "<group>"; };
		1EF3DBBE1BDD5AB900714C5A /* Info.plist */ = {isa = PBXFileReference; lastKnownFileType = text.plist.xml; path = Info.plist; sourceTree = "<group>"; };
		1EF3DC091BDD702F00714C5A /* CollectionViewCell.h */ = {isa = PBXFileReference; fileEncoding = 4; lastKnownFileType = sourcecode.c.h; path = CollectionViewCell.h; sourceTree = "<group>"; };
		1EF3DC0A1BDD702F00714C5A /* CollectionViewCell.m */ = {isa = PBXFileReference; fileEncoding = 4; lastKnownFileType = sourcecode.c.objc; path = CollectionViewCell.m; sourceTree = "<group>"; };
		20E53B6F961C56E23641F7C9 /* libPods-iOSTask.a */ = {isa = PBXFileReference; explicitFileType = archive.ar; includeInIndex = 0; path = "libPods-iOSTask.a"; sourceTree = BUILT_PRODUCTS_DIR; };
		D084C19A5FF5BC86304A783C /* Pods-iOSTask.release.xcconfig */ = {isa = PBXFileReference; includeInIndex = 1; lastKnownFileType = text.xcconfig; name = "Pods-iOSTask.release.xcconfig"; path = "Pods/Target Support Files/Pods-iOSTask/Pods-iOSTask.release.xcconfig"; sourceTree = "<group>"; };
/* End PBXFileReference section */

/* Begin PBXFrameworksBuildPhase section */
		1EF3DB911BDD5AB900714C5A /* Frameworks */ = {
			isa = PBXFrameworksBuildPhase;
			buildActionMask = 2147483647;
			files = (
				FDA5A749404C8FD7564488BC /* libPods-iOSTask.a in Frameworks */,
			);
			runOnlyForDeploymentPostprocessing = 0;
		};
		1EF3DBAA1BDD5AB900714C5A /* Frameworks */ = {
			isa = PBXFrameworksBuildPhase;
			buildActionMask = 2147483647;
			files = (
			);
			runOnlyForDeploymentPostprocessing = 0;
		};
		1EF3DBB51BDD5AB900714C5A /* Frameworks */ = {
			isa = PBXFrameworksBuildPhase;
			buildActionMask = 2147483647;
			files = (
			);
			runOnlyForDeploymentPostprocessing = 0;
		};
/* End PBXFrameworksBuildPhase section */

/* Begin PBXGroup section */
		11E098BF0E515321FFFB1E05 /* Pods */ = {
			isa = PBXGroup;
			children = (
				17818EF6A594F36C193402AB /* Pods-iOSTask.debug.xcconfig */,
				D084C19A5FF5BC86304A783C /* Pods-iOSTask.release.xcconfig */,
			);
			name = Pods;
			sourceTree = "<group>";
		};
		1EF3DB8B1BDD5AB800714C5A = {
			isa = PBXGroup;
			children = (
				1EF3DB961BDD5AB900714C5A /* iOSTask */,
				1EF3DBB01BDD5AB900714C5A /* iOSTaskTests */,
				1EF3DBBB1BDD5AB900714C5A /* iOSTaskUITests */,
				1EF3DB951BDD5AB900714C5A /* Products */,
				11E098BF0E515321FFFB1E05 /* Pods */,
				2A64F8A4D6BD9CC036C9007B /* Frameworks */,
			);
			sourceTree = "<group>";
		};
		1EF3DB951BDD5AB900714C5A /* Products */ = {
			isa = PBXGroup;
			children = (
				1EF3DB941BDD5AB900714C5A /* iOSTask.app */,
				1EF3DBAD1BDD5AB900714C5A /* iOSTaskTests.xctest */,
				1EF3DBB81BDD5AB900714C5A /* iOSTaskUITests.xctest */,
			);
			name = Products;
			sourceTree = "<group>";
		};
		1EF3DB961BDD5AB900714C5A /* iOSTask */ = {
			isa = PBXGroup;
			children = (
				1EF3DB9A1BDD5AB900714C5A /* AppDelegate.h */,
				1EF3DB9B1BDD5AB900714C5A /* AppDelegate.m */,
				1EF3DB9D1BDD5AB900714C5A /* ViewController.h */,
				1EF3DB9E1BDD5AB900714C5A /* ViewController.m */,
				1EF3DBA01BDD5AB900714C5A /* Main.storyboard */,
				1EF3DBA31BDD5AB900714C5A /* Assets.xcassets */,
				1EF3DBA51BDD5AB900714C5A /* LaunchScreen.storyboard */,
				1EF3DBA81BDD5AB900714C5A /* Info.plist */,
				1EF3DB971BDD5AB900714C5A /* Supporting Files */,
				1EF3DC091BDD702F00714C5A /* CollectionViewCell.h */,
				1EF3DC0A1BDD702F00714C5A /* CollectionViewCell.m */,
				1EED572D1BDFC4A300932B6E /* CHTCollectionViewWaterfallLayout.h */,
				1EED572E1BDFC4A300932B6E /* CHTCollectionViewWaterfallLayout.m */,
				1EED57301BDFFF7300932B6E /* product.h */,
				1EED57311BDFFF7300932B6E /* product.m */,
				1E6DED3C1BE3321700C986F7 /* network.h */,
				1E6DED3D1BE3321700C986F7 /* network.m */,
			);
			path = iOSTask;
			sourceTree = "<group>";
		};
		1EF3DB971BDD5AB900714C5A /* Supporting Files */ = {
			isa = PBXGroup;
			children = (
				1EF3DB981BDD5AB900714C5A /* main.m */,
			);
			name = "Supporting Files";
			sourceTree = "<group>";
		};
		1EF3DBB01BDD5AB900714C5A /* iOSTaskTests */ = {
			isa = PBXGroup;
			children = (
				1EF3DBB11BDD5AB900714C5A /* iOSTaskTests.m */,
				1EF3DBB31BDD5AB900714C5A /* Info.plist */,
			);
			path = iOSTaskTests;
			sourceTree = "<group>";
		};
		1EF3DBBB1BDD5AB900714C5A /* iOSTaskUITests */ = {
			isa = PBXGroup;
			children = (
				1EF3DBBC1BDD5AB900714C5A /* iOSTaskUITests.m */,
				1EF3DBBE1BDD5AB900714C5A /* Info.plist */,
			);
			path = iOSTaskUITests;
			sourceTree = "<group>";
		};
		2A64F8A4D6BD9CC036C9007B /* Frameworks */ = {
			isa = PBXGroup;
			children = (
				20E53B6F961C56E23641F7C9 /* libPods-iOSTask.a */,
			);
			name = Frameworks;
			sourceTree = "<group>";
		};
/* End PBXGroup section */

/* Begin PBXNativeTarget section */
		1EF3DB931BDD5AB900714C5A /* iOSTask */ = {
			isa = PBXNativeTarget;
			buildConfigurationList = 1EF3DBC11BDD5AB900714C5A /* Build configuration list for PBXNativeTarget "iOSTask" */;
			buildPhases = (
				2EF390CE5FD5992B4170E7E4 /* Check Pods Manifest.lock */,
				1EF3DB901BDD5AB900714C5A /* Sources */,
				1EF3DB911BDD5AB900714C5A /* Frameworks */,
				1EF3DB921BDD5AB900714C5A /* Resources */,
				370C3C9B046BDA4DE1A71116 /* Embed Pods Frameworks */,
				41AA3FB3EF03FC7496381F3B /* Copy Pods Resources */,
			);
			buildRules = (
			);
			dependencies = (
			);
			name = iOSTask;
			productName = iOSTask;
			productReference = 1EF3DB941BDD5AB900714C5A /* iOSTask.app */;
			productType = "com.apple.product-type.application";
		};
		1EF3DBAC1BDD5AB900714C5A /* iOSTaskTests */ = {
			isa = PBXNativeTarget;
			buildConfigurationList = 1EF3DBC41BDD5AB900714C5A /* Build configuration list for PBXNativeTarget "iOSTaskTests" */;
			buildPhases = (
				1EF3DBA91BDD5AB900714C5A /* Sources */,
				1EF3DBAA1BDD5AB900714C5A /* Frameworks */,
				1EF3DBAB1BDD5AB900714C5A /* Resources */,
			);
			buildRules = (
			);
			dependencies = (
				1EF3DBAF1BDD5AB900714C5A /* PBXTargetDependency */,
			);
			name = iOSTaskTests;
			productName = iOSTaskTests;
			productReference = 1EF3DBAD1BDD5AB900714C5A /* iOSTaskTests.xctest */;
			productType = "com.apple.product-type.bundle.unit-test";
		};
		1EF3DBB71BDD5AB900714C5A /* iOSTaskUITests */ = {
			isa = PBXNativeTarget;
			buildConfigurationList = 1EF3DBC71BDD5AB900714C5A /* Build configuration list for PBXNativeTarget "iOSTaskUITests" */;
			buildPhases = (
				1EF3DBB41BDD5AB900714C5A /* Sources */,
				1EF3DBB51BDD5AB900714C5A /* Frameworks */,
				1EF3DBB61BDD5AB900714C5A /* Resources */,
			);
			buildRules = (
			);
			dependencies = (
				1EF3DBBA1BDD5AB900714C5A /* PBXTargetDependency */,
			);
			name = iOSTaskUITests;
			productName = iOSTaskUITests;
			productReference = 1EF3DBB81BDD5AB900714C5A /* iOSTaskUITests.xctest */;
			productType = "com.apple.product-type.bundle.ui-testing";
		};
/* End PBXNativeTarget section */

/* Begin PBXProject section */
		1EF3DB8C1BDD5AB800714C5A /* Project object */ = {
			isa = PBXProject;
			attributes = {
				LastUpgradeCheck = 0700;
				ORGANIZATIONNAME = "mahmoud gamal";
				TargetAttributes = {
					1EF3DB931BDD5AB900714C5A = {
						CreatedOnToolsVersion = 7.0.1;
					};
					1EF3DBAC1BDD5AB900714C5A = {
						CreatedOnToolsVersion = 7.0.1;
						TestTargetID = 1EF3DB931BDD5AB900714C5A;
					};
					1EF3DBB71BDD5AB900714C5A = {
						CreatedOnToolsVersion = 7.0.1;
						TestTargetID = 1EF3DB931BDD5AB900714C5A;
					};
				};
			};
			buildConfigurationList = 1EF3DB8F1BDD5AB800714C5A /* Build configuration list for PBXProject "iOSTask" */;
			compatibilityVersion = "Xcode 3.2";
			developmentRegion = English;
			hasScannedForEncodings = 0;
			knownRegions = (
				en,
				Base,
			);
			mainGroup = 1EF3DB8B1BDD5AB800714C5A;
			productRefGroup = 1EF3DB951BDD5AB900714C5A /* Products */;
			projectDirPath = "";
			projectRoot = "";
			targets = (
				1EF3DB931BDD5AB900714C5A /* iOSTask */,
				1EF3DBAC1BDD5AB900714C5A /* iOSTaskTests */,
				1EF3DBB71BDD5AB900714C5A /* iOSTaskUITests */,
			);
		};
/* End PBXProject section */

/* Begin PBXResourcesBuildPhase section */
		1EF3DB921BDD5AB900714C5A /* Resources */ = {
			isa = PBXResourcesBuildPhase;
			buildActionMask = 2147483647;
			files = (
				1EF3DBA71BDD5AB900714C5A /* LaunchScreen.storyboard in Resources */,
				1EF3DBA41BDD5AB900714C5A /* Assets.xcassets in Resources */,
				1EF3DBA21BDD5AB900714C5A /* Main.storyboard in Resources */,
			);
			runOnlyForDeploymentPostprocessing = 0;
		};
		1EF3DBAB1BDD5AB900714C5A /* Resources */ = {
			isa = PBXResourcesBuildPhase;
			buildActionMask = 2147483647;
			files = (
			);
			runOnlyForDeploymentPostprocessing = 0;
		};
		1EF3DBB61BDD5AB900714C5A /* Resources */ = {
			isa = PBXResourcesBuildPhase;
			buildActionMask = 2147483647;
			files = (
			);
			runOnlyForDeploymentPostprocessing = 0;
		};
/* End PBXResourcesBuildPhase section */

/* Begin PBXShellScriptBuildPhase section */
		2EF390CE5FD5992B4170E7E4 /* Check Pods Manifest.lock */ = {
			isa = PBXShellScriptBuildPhase;
			buildActionMask = 2147483647;
			files = (
			);
			inputPaths = (
			);
			name = "Check Pods Manifest.lock";
			outputPaths = (
			);
			runOnlyForDeploymentPostprocessing = 0;
			shellPath = /bin/sh;
			shellScript = "diff \"${PODS_ROOT}/../Podfile.lock\" \"${PODS_ROOT}/Manifest.lock\" > /dev/null\nif [[ $? != 0 ]] ; then\n    cat << EOM\nerror: The sandbox is not in sync with the Podfile.lock. Run 'pod install' or update your CocoaPods installation.\nEOM\n    exit 1\nfi\n";
			showEnvVarsInLog = 0;
		};
		370C3C9B046BDA4DE1A71116 /* Embed Pods Frameworks */ = {
			isa = PBXShellScriptBuildPhase;
			buildActionMask = 2147483647;
			files = (
			);
			inputPaths = (
			);
			name = "Embed Pods Frameworks";
			outputPaths = (
			);
			runOnlyForDeploymentPostprocessing = 0;
			shellPath = /bin/sh;
			shellScript = "\"${SRCROOT}/Pods/Target Support Files/Pods-iOSTask/Pods-iOSTask-frameworks.sh\"\n";
			showEnvVarsInLog = 0;
		};
		41AA3FB3EF03FC7496381F3B /* Copy Pods Resources */ = {
			isa = PBXShellScriptBuildPhase;
			buildActionMask = 2147483647;
			files = (
			);
			inputPaths = (
			);
			name = "Copy Pods Resources";
			outputPaths = (
			);
			runOnlyForDeploymentPostprocessing = 0;
			shellPath = /bin/sh;
			shellScript = "\"${SRCROOT}/Pods/Target Support Files/Pods-iOSTask/Pods-iOSTask-resources.sh\"\n";
			showEnvVarsInLog = 0;
		};
/* End PBXShellScriptBuildPhase section */

/* Begin PBXSourcesBuildPhase section */
		1EF3DB901BDD5AB900714C5A /* Sources */ = {
			isa = PBXSourcesBuildPhase;
			buildActionMask = 2147483647;
			files = (
				1EF3DB9F1BDD5AB900714C5A /* ViewController.m in Sources */,
				1EF3DB9C1BDD5AB900714C5A /* AppDelegate.m in Sources */,
				1E6DED3E1BE3321700C986F7 /* network.m in Sources */,
				1EF3DC0B1BDD702F00714C5A /* CollectionViewCell.m in Sources */,
				1EED57321BDFFF7300932B6E /* product.m in Sources */,
				1EED572F1BDFC4A300932B6E /* CHTCollectionViewWaterfallLayout.m in Sources */,
				1EF3DB991BDD5AB900714C5A /* main.m in Sources */,
			);
			runOnlyForDeploymentPostprocessing = 0;
		};
		1EF3DBA91BDD5AB900714C5A /* Sources */ = {
			isa = PBXSourcesBuildPhase;
			buildActionMask = 2147483647;
			files = (
				1EF3DBB21BDD5AB900714C5A /* iOSTaskTests.m in Sources */,
			);
			runOnlyForDeploymentPostprocessing = 0;
		};
		1EF3DBB41BDD5AB900714C5A /* Sources */ = {
			isa = PBXSourcesBuildPhase;
			buildActionMask = 2147483647;
			files = (
				1EF3DBBD1BDD5AB900714C5A /* iOSTaskUITests.m in Sources */,
			);
			runOnlyForDeploymentPostprocessing = 0;
		};
/* End PBXSourcesBuildPhase section */

/* Begin PBXTargetDependency section */
		1EF3DBAF1BDD5AB900714C5A /* PBXTargetDependency */ = {
			isa = PBXTargetDependency;
			target = 1EF3DB931BDD5AB900714C5A /* iOSTask */;
			targetProxy = 1EF3DBAE1BDD5AB900714C5A /* PBXContainerItemProxy */;
		};
		1EF3DBBA1BDD5AB900714C5A /* PBXTargetDependency */ = {
			isa = PBXTargetDependency;
			target = 1EF3DB931BDD5AB900714C5A /* iOSTask */;
			targetProxy = 1EF3DBB91BDD5AB900714C5A /* PBXContainerItemProxy */;
		};
/* End PBXTargetDependency section */

/* Begin PBXVariantGroup section */
		1EF3DBA01BDD5AB900714C5A /* Main.storyboard */ = {
			isa = PBXVariantGroup;
			children = (
				1EF3DBA11BDD5AB900714C5A /* Base */,
			);
			name = Main.storyboard;
			sourceTree = "<group>";
		};
		1EF3DBA51BDD5AB900714C5A /* LaunchScreen.storyboard */ = {
			isa = PBXVariantGroup;
			children = (
				1EF3DBA61BDD5AB900714C5A /* Base */,
			);
			name = LaunchScreen.storyboard;
			sourceTree = "<group>";
		};
/* End PBXVariantGroup section */

/* Begin XCBuildConfiguration section */
		1EF3DBBF1BDD5AB900714C5A /* Debug */ = {
			isa = XCBuildConfiguration;
			buildSettings = {
				ALWAYS_SEARCH_USER_PATHS = NO;
				CLANG_CXX_LANGUAGE_STANDARD = "gnu++0x";
				CLANG_CXX_LIBRARY = "libc++";
				CLANG_ENABLE_MODULES = YES;
				CLANG_ENABLE_OBJC_ARC = YES;
				CLANG_WARN_BOOL_CONVERSION = YES;
				CLANG_WARN_CONSTANT_CONVERSION = YES;
				CLANG_WARN_DIRECT_OBJC_ISA_USAGE = YES_ERROR;
				CLANG_WARN_EMPTY_BODY = YES;
				CLANG_WARN_ENUM_CONVERSION = YES;
				CLANG_WARN_INT_CONVERSION = YES;
				CLANG_WARN_OBJC_ROOT_CLASS = YES_ERROR;
				CLANG_WARN_UNREACHABLE_CODE = YES;
				CLANG_WARN__DUPLICATE_METHOD_MATCH = YES;
				"CODE_SIGN_IDENTITY[sdk=iphoneos*]" = "iPhone Developer";
				COPY_PHASE_STRIP = NO;
				DEBUG_INFORMATION_FORMAT = dwarf;
				ENABLE_STRICT_OBJC_MSGSEND = YES;
				ENABLE_TESTABILITY = YES;
				GCC_C_LANGUAGE_STANDARD = gnu99;
				GCC_DYNAMIC_NO_PIC = NO;
				GCC_NO_COMMON_BLOCKS = YES;
				GCC_OPTIMIZATION_LEVEL = 0;
				GCC_PREPROCESSOR_DEFINITIONS = (
					"DEBUG=1",
					"$(inherited)",
				);
				GCC_WARN_64_TO_32_BIT_CONVERSION = YES;
				GCC_WARN_ABOUT_RETURN_TYPE = YES_ERROR;
				GCC_WARN_UNDECLARED_SELECTOR = YES;
				GCC_WARN_UNINITIALIZED_AUTOS = YES_AGGRESSIVE;
				GCC_WARN_UNUSED_FUNCTION = YES;
				GCC_WARN_UNUSED_VARIABLE = YES;
				IPHONEOS_DEPLOYMENT_TARGET = 9.0;
				MTL_ENABLE_DEBUG_INFO = YES;
				ONLY_ACTIVE_ARCH = YES;
				SDKROOT = iphoneos;
				TARGETED_DEVICE_FAMILY = "1,2";
			};
			name = Debug;
		};
		1EF3DBC01BDD5AB900714C5A /* Release */ = {
			isa = XCBuildConfiguration;
			buildSettings = {
				ALWAYS_SEARCH_USER_PATHS = NO;
				CLANG_CXX_LANGUAGE_STANDARD = "gnu++0x";
				CLANG_CXX_LIBRARY = "libc++";
				CLANG_ENABLE_MODULES = YES;
				CLANG_ENABLE_OBJC_ARC = YES;
				CLANG_WARN_BOOL_CONVERSION = YES;
				CLANG_WARN_CONSTANT_CONVERSION = YES;
				CLANG_WARN_DIRECT_OBJC_ISA_USAGE = YES_ERROR;
				CLANG_WARN_EMPTY_BODY = YES;
				CLANG_WARN_ENUM_CONVERSION = YES;
				CLANG_WARN_INT_CONVERSION = YES;
				CLANG_WARN_OBJC_ROOT_CLASS = YES_ERROR;
				CLANG_WARN_UNREACHABLE_CODE = YES;
				CLANG_WARN__DUPLICATE_METHOD_MATCH = YES;
				"CODE_SIGN_IDENTITY[sdk=iphoneos*]" = "iPhone Developer";
				COPY_PHASE_STRIP = NO;
				DEBUG_INFORMATION_FORMAT = "dwarf-with-dsym";
				ENABLE_NS_ASSERTIONS = NO;
				ENABLE_STRICT_OBJC_MSGSEND = YES;
				GCC_C_LANGUAGE_STANDARD = gnu99;
				GCC_NO_COMMON_BLOCKS = YES;
				GCC_WARN_64_TO_32_BIT_CONVERSION = YES;
				GCC_WARN_ABOUT_RETURN_TYPE = YES_ERROR;
				GCC_WARN_UNDECLARED_SELECTOR = YES;
				GCC_WARN_UNINITIALIZED_AUTOS = YES_AGGRESSIVE;
				GCC_WARN_UNUSED_FUNCTION = YES;
				GCC_WARN_UNUSED_VARIABLE = YES;
				IPHONEOS_DEPLOYMENT_TARGET = 9.0;
				MTL_ENABLE_DEBUG_INFO = NO;
				SDKROOT = iphoneos;
				TARGETED_DEVICE_FAMILY = "1,2";
				VALIDATE_PRODUCT = YES;
			};
			name = Release;
		};
		1EF3DBC21BDD5AB900714C5A /* Debug */ = {
			isa = XCBuildConfiguration;
			baseConfigurationReference = 17818EF6A594F36C193402AB /* Pods-iOSTask.debug.xcconfig */;
			buildSettings = {
				ASSETCATALOG_COMPILER_APPICON_NAME = AppIcon;
				INFOPLIST_FILE = iOSTask/Info.plist;
				LD_RUNPATH_SEARCH_PATHS = "$(inherited) @executable_path/Frameworks";
				PRODUCT_BUNDLE_IDENTIFIER = FC.iOSTask;
				PRODUCT_NAME = "$(TARGET_NAME)";
			};
			name = Debug;
		};
		1EF3DBC31BDD5AB900714C5A /* Release */ = {
			isa = XCBuildConfiguration;
			baseConfigurationReference = D084C19A5FF5BC86304A783C /* Pods-iOSTask.release.xcconfig */;
			buildSettings = {
				ASSETCATALOG_COMPILER_APPICON_NAME = AppIcon;
				INFOPLIST_FILE = iOSTask/Info.plist;
				LD_RUNPATH_SEARCH_PATHS = "$(inherited) @executable_path/Frameworks";
				PRODUCT_BUNDLE_IDENTIFIER = FC.iOSTask;
				PRODUCT_NAME = "$(TARGET_NAME)";
			};
			name = Release;
		};
		1EF3DBC51BDD5AB900714C5A /* Debug */ = {
			isa = XCBuildConfiguration;
			buildSettings = {
				BUNDLE_LOADER = "$(TEST_HOST)";
				INFOPLIST_FILE = iOSTaskTests/Info.plist;
				LD_RUNPATH_SEARCH_PATHS = "$(inherited) @executable_path/Frameworks @loader_path/Frameworks";
				PRODUCT_BUNDLE_IDENTIFIER = FC.iOSTaskTests;
				PRODUCT_NAME = "$(TARGET_NAME)";
				TEST_HOST = "$(BUILT_PRODUCTS_DIR)/iOSTask.app/iOSTask";
			};
			name = Debug;
		};
		1EF3DBC61BDD5AB900714C5A /* Release */ = {
			isa = XCBuildConfiguration;
			buildSettings = {
				BUNDLE_LOADER = "$(TEST_HOST)";
				INFOPLIST_FILE = iOSTaskTests/Info.plist;
				LD_RUNPATH_SEARCH_PATHS = "$(inherited) @executable_path/Frameworks @loader_path/Frameworks";
				PRODUCT_BUNDLE_IDENTIFIER = FC.iOSTaskTests;
				PRODUCT_NAME = "$(TARGET_NAME)";
				TEST_HOST = "$(BUILT_PRODUCTS_DIR)/iOSTask.app/iOSTask";
			};
			name = Release;
		};
		1EF3DBC81BDD5AB900714C5A /* Debug */ = {
			isa = XCBuildConfiguration;
			buildSettings = {
				INFOPLIST_FILE = iOSTaskUITests/Info.plist;
				LD_RUNPATH_SEARCH_PATHS = "$(inherited) @executable_path/Frameworks @loader_path/Frameworks";
				PRODUCT_BUNDLE_IDENTIFIER = FC.iOSTaskUITests;
				PRODUCT_NAME = "$(TARGET_NAME)";
				TEST_TARGET_NAME = iOSTask;
				USES_XCTRUNNER = YES;
			};
			name = Debug;
		};
		1EF3DBC91BDD5AB900714C5A /* Release */ = {
			isa = XCBuildConfiguration;
			buildSettings = {
				INFOPLIST_FILE = iOSTaskUITests/Info.plist;
				LD_RUNPATH_SEARCH_PATHS = "$(inherited) @executable_path/Frameworks @loader_path/Frameworks";
				PRODUCT_BUNDLE_IDENTIFIER = FC.iOSTaskUITests;
				PRODUCT_NAME = "$(TARGET_NAME)";
				TEST_TARGET_NAME = iOSTask;
				USES_XCTRUNNER = YES;
			};
			name = Release;
		};
/* End XCBuildConfiguration section */

/* Begin XCConfigurationList section */
		1EF3DB8F1BDD5AB800714C5A /* Build configuration list for PBXProject "iOSTask" */ = {
			isa = XCConfigurationList;
			buildConfigurations = (
				1EF3DBBF1BDD5AB900714C5A /* Debug */,
				1EF3DBC01BDD5AB900714C5A /* Release */,
			);
			defaultConfigurationIsVisible = 0;
			defaultConfigurationName = Release;
		};
		1EF3DBC11BDD5AB900714C5A /* Build configuration list for PBXNativeTarget "iOSTask" */ = {
			isa = XCConfigurationList;
			buildConfigurations = (
				1EF3DBC21BDD5AB900714C5A /* Debug */,
				1EF3DBC31BDD5AB900714C5A /* Release */,
			);
			defaultConfigurationIsVisible = 0;
			defaultConfigurationName = Release;
		};
		1EF3DBC41BDD5AB900714C5A /* Build configuration list for PBXNativeTarget "iOSTaskTests" */ = {
			isa = XCConfigurationList;
			buildConfigurations = (
				1EF3DBC51BDD5AB900714C5A /* Debug */,
				1EF3DBC61BDD5AB900714C5A /* Release */,
			);
			defaultConfigurationIsVisible = 0;
			defaultConfigurationName = Release;
		};
		1EF3DBC71BDD5AB900714C5A /* Build configuration list for PBXNativeTarget "iOSTaskUITests" */ = {
			isa = XCConfigurationList;
			buildConfigurations = (
				1EF3DBC81BDD5AB900714C5A /* Debug */,
				1EF3DBC91BDD5AB900714C5A /* Release */,
			);
			defaultConfigurationIsVisible = 0;
			defaultConfigurationName = Release;
		};
/* End XCConfigurationList section */
	};
	rootObject = 1EF3DB8C1BDD5AB800714C5A /* Project object */;
}
